
Microsoft Visual Studio Solution File, Format Version 12.00
# Visual Studio 15
VisualStudioVersion = 15.0.27130.2027
MinimumVisualStudioVersion = 10.0.40219.1
Project("{FAE04EC0-301F-11D3-BF4B-00C04F79EFBC}") = "6313Titan", "6313Titan\6313Titan.csproj", "{A5439185-9B62-4E3D-83F7-E3D642A81B40}"
EndProject
Global
	GlobalSection(SolutionConfigurationPlatforms) = preSolution
		Debug|Any CPU = Debug|Any CPU
		Release|Any CPU = Release|Any CPU
	EndGlobalSection
	GlobalSection(ProjectConfigurationPlatforms) = postSolution
		{A5439185-9B62-4E3D-83F7-E3D642A81B40}.Debug|Any CPU.ActiveCfg = Debug|Any CPU
		{A5439185-9B62-4E3D-83F7-E3D642A81B40}.Debug|Any CPU.Build.0 = Debug|Any CPU
		{A5439185-9B62-4E3D-83F7-E3D642A81B40}.Release|Any CPU.ActiveCfg = Release|Any CPU
		{A5439185-9B62-4E3D-83F7-E3D642A81B40}.Release|Any CPU.Build.0 = Release|Any CPU
	EndGlobalSection
	GlobalSection(SolutionProperties) = preSolution
		HideSolutionNode = FALSE
	EndGlobalSection
	GlobalSection(ExtensibilityGlobals) = postSolution
		SolutionGuid = {BD753319-5068-47B2-AA66-401A334F98B6}
	EndGlobalSection
EndGlobal
